
Microsoft Visual Studio Solution File, Format Version 12.00
# Visual Studio Version 16
VisualStudioVersion = 16.0.30804.86
MinimumVisualStudioVersion = 10.0.40219.1
Project("{9A19103F-16F7-4668-BE54-9A1E7A4F7556}") = "Farm", "1.SingleInheritance\Farm.csproj", "{05C02813-C56C-43A5-9205-3EAD853753CF}"
EndProject
Project("{9A19103F-16F7-4668-BE54-9A1E7A4F7556}") = "CustomRandomList", "CustomRandomList\CustomRandomList.csproj", "{4A59E5A9-1571-4178-89FC-E4B0E9EDDE14}"
EndProject
Project("{FAE04EC0-301F-11D3-BF4B-00C04F79EFBC}") = "AccessModifiers", "AccessModifiers\AccessModifiers.csproj", "{F57A8DF7-9C17-4779-A6FE-FB63BECD083A}"
EndProject
Project("{FAE04EC0-301F-11D3-BF4B-00C04F79EFBC}") = "CustomStack", "CustomStack\CustomStack.csproj", "{80481DF2-F46A-472C-829F-312AF65D8A22}"
EndProject
Global
	GlobalSection(SolutionConfigurationPlatforms) = preSolution
		Debug|Any CPU = Debug|Any CPU
		Release|Any CPU = Release|Any CPU
	EndGlobalSection
	GlobalSection(ProjectConfigurationPlatforms) = postSolution
		{05C02813-C56C-43A5-9205-3EAD853753CF}.Debug|Any CPU.ActiveCfg = Debug|Any CPU
		{05C02813-C56C-43A5-9205-3EAD853753CF}.Debug|Any CPU.Build.0 = Debug|Any CPU
		{05C02813-C56C-43A5-9205-3EAD853753CF}.Release|Any CPU.ActiveCfg = Release|Any CPU
		{05C02813-C56C-43A5-9205-3EAD853753CF}.Release|Any CPU.Build.0 = Release|Any CPU
		{4A59E5A9-1571-4178-89FC-E4B0E9EDDE14}.Debug|Any CPU.ActiveCfg = Debug|Any CPU
		{4A59E5A9-1571-4178-89FC-E4B0E9EDDE14}.Debug|Any CPU.Build.0 = Debug|Any CPU
		{4A59E5A9-1571-4178-89FC-E4B0E9EDDE14}.Release|Any CPU.ActiveCfg = Release|Any CPU
		{4A59E5A9-1571-4178-89FC-E4B0E9EDDE14}.Release|Any CPU.Build.0 = Release|Any CPU
		{F57A8DF7-9C17-4779-A6FE-FB63BECD083A}.Debug|Any CPU.ActiveCfg = Debug|Any CPU
		{F57A8DF7-9C17-4779-A6FE-FB63BECD083A}.Debug|Any CPU.Build.0 = Debug|Any CPU
		{F57A8DF7-9C17-4779-A6FE-FB63BECD083A}.Release|Any CPU.ActiveCfg = Release|Any CPU
		{F57A8DF7-9C17-4779-A6FE-FB63BECD083A}.Release|Any CPU.Build.0 = Release|Any CPU
		{80481DF2-F46A-472C-829F-312AF65D8A22}.Debug|Any CPU.ActiveCfg = Debug|Any CPU
		{80481DF2-F46A-472C-829F-312AF65D8A22}.Debug|Any CPU.Build.0 = Debug|Any CPU
		{80481DF2-F46A-472C-829F-312AF65D8A22}.Release|Any CPU.ActiveCfg = Release|Any CPU
		{80481DF2-F46A-472C-829F-312AF65D8A22}.Release|Any CPU.Build.0 = Release|Any CPU
	EndGlobalSection
	GlobalSection(SolutionProperties) = preSolution
		HideSolutionNode = FALSE
	EndGlobalSection
	GlobalSection(ExtensibilityGlobals) = postSolution
		SolutionGuid = {49E47C6A-97DE-414E-9226-F43583AC211A}
	EndGlobalSection
EndGlobal
